
Microsoft Visual Studio Solution File, Format Version 12.00
# Visual Studio Version 17
VisualStudioVersion = 17.13.35931.197
MinimumVisualStudioVersion = 10.0.40219.1
Project("{FAE04EC0-301F-11D3-BF4B-00C04F79EFBC}") = "ChatServer", "ChatServer\ChatServer.csproj", "{2CC596BB-CDE4-4183-849D-0F1F053BC075}"
EndProject
Project("{FAE04EC0-301F-11D3-BF4B-00C04F79EFBC}") = "ChatClient", "ChatClient\ChatClient.csproj", "{388329EF-0350-4B48-8E1F-3DDEB7328CB6}"
EndProject
Global
	GlobalSection(SolutionConfigurationPlatforms) = preSolution
		Debug|Any CPU = Debug|Any CPU
		Release|Any CPU = Release|Any CPU
	EndGlobalSection
	GlobalSection(ProjectConfigurationPlatforms) = postSolution
		{2CC596BB-CDE4-4183-849D-0F1F053BC075}.Debug|Any CPU.ActiveCfg = Debug|Any CPU
		{2CC596BB-CDE4-4183-849D-0F1F053BC075}.Debug|Any CPU.Build.0 = Debug|Any CPU
		{2CC596BB-CDE4-4183-849D-0F1F053BC075}.Release|Any CPU.ActiveCfg = Release|Any CPU
		{2CC596BB-CDE4-4183-849D-0F1F053BC075}.Release|Any CPU.Build.0 = Release|Any CPU
		{388329EF-0350-4B48-8E1F-3DDEB7328CB6}.Debug|Any CPU.ActiveCfg = Debug|Any CPU
		{388329EF-0350-4B48-8E1F-3DDEB7328CB6}.Debug|Any CPU.Build.0 = Debug|Any CPU
		{388329EF-0350-4B48-8E1F-3DDEB7328CB6}.Release|Any CPU.ActiveCfg = Release|Any CPU
		{388329EF-0350-4B48-8E1F-3DDEB7328CB6}.Release|Any CPU.Build.0 = Release|Any CPU
	EndGlobalSection
	GlobalSection(SolutionProperties) = preSolution
		HideSolutionNode = FALSE
	EndGlobalSection
	GlobalSection(ExtensibilityGlobals) = postSolution
		SolutionGuid = {D8011822-9DD1-4078-A9F0-D7D79B154229}
	EndGlobalSection
EndGlobal
